Microsoft Visual Studio Solution File, Format Version 11.00
# Visual Studio 2008

Project("{0422F397-57E8-9E94-3CA7-D89BD9E5DF92}") = "NetworkGameLobbyTest", "Assembly-CSharp-firstpass.csproj", "{62022053-EAC1-0F3A-7AFB-81601AAD6F39}"
EndProject
Project("{0422F397-57E8-9E94-3CA7-D89BD9E5DF92}") = "NetworkGameLobbyTest", "Assembly-CSharp.csproj", "{DDDFC3F4-C6CF-C95B-DC01-A0956C94CA51}"
EndProject
Global
	GlobalSection(SolutionConfigurationPlatforms) = preSolution
		Debug|Any CPU = Debug|Any CPU
		Release|Any CPU = Release|Any CPU
	EndGlobalSection
	GlobalSection(ProjectConfigurationPlatforms) = postSolution
		{62022053-EAC1-0F3A-7AFB-81601AAD6F39}.Debug|Any CPU.ActiveCfg = Debug|Any CPU
		{62022053-EAC1-0F3A-7AFB-81601AAD6F39}.Debug|Any CPU.Build.0 = Debug|Any CPU
		{62022053-EAC1-0F3A-7AFB-81601AAD6F39}.Release|Any CPU.ActiveCfg = Release|Any CPU
		{62022053-EAC1-0F3A-7AFB-81601AAD6F39}.Release|Any CPU.Build.0 = Release|Any CPU
		{DDDFC3F4-C6CF-C95B-DC01-A0956C94CA51}.Debug|Any CPU.ActiveCfg = Debug|Any CPU
		{DDDFC3F4-C6CF-C95B-DC01-A0956C94CA51}.Debug|Any CPU.Build.0 = Debug|Any CPU
		{DDDFC3F4-C6CF-C95B-DC01-A0956C94CA51}.Release|Any CPU.ActiveCfg = Release|Any CPU
		{DDDFC3F4-C6CF-C95B-DC01-A0956C94CA51}.Release|Any CPU.Build.0 = Release|Any CPU
	EndGlobalSection
	GlobalSection(SolutionProperties) = preSolution
		HideSolutionNode = FALSE
	EndGlobalSection
	GlobalSection(MonoDevelopProperties) = preSolution
		StartupItem = Assembly-CSharp.csproj
	EndGlobalSection
EndGlobal
